
Microsoft Visual Studio Solution File, Format Version 12.00
# Visual Studio Version 16
VisualStudioVersion = 16.0.30104.148
MinimumVisualStudioVersion = 10.0.40219.1
Project("{FAE04EC0-301F-11D3-BF4B-00C04F79EFBC}") = "Test", "Test\Test.csproj", "{28125B96-B6C3-4725-892B-E6A8CF2115D2}"
EndProject
Global
	GlobalSection(SolutionConfigurationPlatforms) = preSolution
		Debug|Any CPU = Debug|Any CPU
		Release|Any CPU = Release|Any CPU
	EndGlobalSection
	GlobalSection(ProjectConfigurationPlatforms) = postSolution
		{28125B96-B6C3-4725-892B-E6A8CF2115D2}.Debug|Any CPU.ActiveCfg = Debug|Any CPU
		{28125B96-B6C3-4725-892B-E6A8CF2115D2}.Debug|Any CPU.Build.0 = Debug|Any CPU
		{28125B96-B6C3-4725-892B-E6A8CF2115D2}.Release|Any CPU.ActiveCfg = Release|Any CPU
		{28125B96-B6C3-4725-892B-E6A8CF2115D2}.Release|Any CPU.Build.0 = Release|Any CPU
	EndGlobalSection
	GlobalSection(SolutionProperties) = preSolution
		HideSolutionNode = FALSE
	EndGlobalSection
	GlobalSection(ExtensibilityGlobals) = postSolution
		SolutionGuid = {B49D78EA-6AEA-472E-A17A-9DCB9BEF93BA}
	EndGlobalSection
EndGlobal
